// !$*UTF8*$!
{
	archiveVersion = 1;
	classes = {
	};
	objectVersion = 46;
	objects = {

/* Begin PBXBuildFile section */
		36381F7E1E5AB8B300A4355D /* AppDelegate.swift in Sources */ = {isa = PBXBuildFile; fileRef = 36381F7D1E5AB8B300A4355D /* AppDelegate.swift */; };
		36381F801E5AB8B300A4355D /* ViewController.swift in Sources */ = {isa = PBXBuildFile; fileRef = 36381F7F1E5AB8B300A4355D /* ViewController.swift */; };
		36381F831E5AB8B300A4355D /* Main.storyboard in Resources */ = {isa = PBXBuildFile; fileRef = 36381F811E5AB8B300A4355D /* Main.storyboard */; };
		36381F851E5AB8B300A4355D /* Assets.xcassets in Resources */ = {isa = PBXBuildFile; fileRef = 36381F841E5AB8B300A4355D /* Assets.xcassets */; };
		36381F881E5AB8B300A4355D /* LaunchScreen.storyboard in Resources */ = {isa = PBXBuildFile; fileRef = 36381F861E5AB8B300A4355D /* LaunchScreen.storyboard */; };
		36381F931E5AB8B400A4355D /* CaculatorTests.swift in Sources */ = {isa = PBXBuildFile; fileRef = 36381F921E5AB8B400A4355D /* CaculatorTests.swift */; };
		36381F9E1E5AB8B400A4355D /* CaculatorUITests.swift in Sources */ = {isa = PBXBuildFile; fileRef = 36381F9D1E5AB8B400A4355D /* CaculatorUITests.swift */; };
		369C937D1E5BD8100030B272 /* CaculatorBrain.swift in Sources */ = {isa = PBXBuildFile; fileRef = 369C937C1E5BD8100030B272 /* CaculatorBrain.swift */; };
/* End PBXBuildFile section */

/* Begin PBXContainerItemProxy section */
		36381F8F1E5AB8B400A4355D /* PBXContainerItemProxy */ = {
			isa = PBXContainerItemProxy;
			containerPortal = 36381F721E5AB8B300A4355D /* Project object */;
			proxyType = 1;
			remoteGlobalIDString = 36381F791E5AB8B300A4355D;
			remoteInfo = Caculator;
		};
		36381F9A1E5AB8B400A4355D /* PBXContainerItemProxy */ = {
			isa = PBXContainerItemProxy;
			containerPortal = 36381F721E5AB8B300A4355D /* Project object */;
			proxyType = 1;
			remoteGlobalIDString = 36381F791E5AB8B300A4355D;
			remoteInfo = Caculator;
		};
/* End PBXContainerItemProxy section */

/* Begin PBXFileReference section */
		36381F7A1E5AB8B300A4355D /* Caculator.app */ = {isa = PBXFileReference; explicitFileType = wrapper.application; includeInIndex = 0; path = Caculator.app; sourceTree = BUILT_PRODUCTS_DIR; };
		36381F7D1E5AB8B300A4355D /* AppDelegate.swift */ = {isa = PBXFileReference; lastKnownFileType = sourcecode.swift; path = AppDelegate.swift; sourceTree = "<group>"; };
		36381F7F1E5AB8B300A4355D /* ViewController.swift */ = {isa = PBXFileReference; lastKnownFileType = sourcecode.swift; path = ViewController.swift; sourceTree = "<group>"; };
		36381F821E5AB8B300A4355D /* Base */ = {isa = PBXFileReference; lastKnownFileType = file.storyboard; name = Base; path = Base.lproj/Main.storyboard; sourceTree = "<group>"; };
		36381F841E5AB8B300A4355D /* Assets.xcassets */ = {isa = PBXFileReference; lastKnownFileType = folder.assetcatalog; path = Assets.xcassets; sourceTree = "<group>"; };
		36381F871E5AB8B300A4355D /* Base */ = {isa = PBXFileReference; lastKnownFileType = file.storyboard; name = Base; path = Base.lproj/LaunchScreen.storyboard; sourceTree = "<group>"; };
		36381F891E5AB8B300A4355D /* Info.plist */ = {isa = PBXFileReference; lastKnownFileType = text.plist.xml; path = Info.plist; sourceTree = "<group>"; };
		36381F8E1E5AB8B400A4355D /* CaculatorTests.xctest */ = {isa = PBXFileReference; explicitFileType = wrapper.cfbundle; includeInIndex = 0; path = CaculatorTests.xctest; sourceTree = BUILT_PRODUCTS_DIR; };
		36381F921E5AB8B400A4355D /* CaculatorTests.swift */ = {isa = PBXFileReference; lastKnownFileType = sourcecode.swift; path = CaculatorTests.swift; sourceTree = "<group>"; };
		36381F941E5AB8B400A4355D /* Info.plist */ = {isa = PBXFileReference; lastKnownFileType = text.plist.xml; path = Info.plist; sourceTree = "<group>"; };
		36381F991E5AB8B400A4355D /* CaculatorUITests.xctest */ = {isa = PBXFileReference; explicitFileType = wrapper.cfbundle; includeInIndex = 0; path = CaculatorUITests.xctest; sourceTree = BUILT_PRODUCTS_DIR; };
		36381F9D1E5AB8B400A4355D /* CaculatorUITests.swift */ = {isa = PBXFileReference; lastKnownFileType = sourcecode.swift; path = CaculatorUITests.swift; sourceTree = "<group>"; };
		36381F9F1E5AB8B400A4355D /* Info.plist */ = {isa = PBXFileReference; lastKnownFileType = text.plist.xml; path = Info.plist; sourceTree = "<group>"; };
		369C937C1E5BD8100030B272 /* CaculatorBrain.swift */ = {isa = PBXFileReference; fileEncoding = 4; lastKnownFileType = sourcecode.swift; path = CaculatorBrain.swift; sourceTree = "<group>"; };
/* End PBXFileReference section */

/* Begin PBXFrameworksBuildPhase section */
		36381F771E5AB8B300A4355D /* Frameworks */ = {
			isa = PBXFrameworksBuildPhase;
			buildActionMask = 2147483647;
			files = (
			);
			runOnlyForDeploymentPostprocessing = 0;
		};
		36381F8B1E5AB8B400A4355D /* Frameworks */ = {
			isa = PBXFrameworksBuildPhase;
			buildActionMask = 2147483647;
			files = (
			);
			runOnlyForDeploymentPostprocessing = 0;
		};
		36381F961E5AB8B400A4355D /* Frameworks */ = {
			isa = PBXFrameworksBuildPhase;
			buildActionMask = 2147483647;
			files = (
			);
			runOnlyForDeploymentPostprocessing = 0;
		};
/* End PBXFrameworksBuildPhase section */

/* Begin PBXGroup section */
		36381F711E5AB8B300A4355D = {
			isa = PBXGroup;
			children = (
				36381F7C1E5AB8B300A4355D /* Caculator */,
				36381F911E5AB8B400A4355D /* CaculatorTests */,
				36381F9C1E5AB8B400A4355D /* CaculatorUITests */,
				36381F7B1E5AB8B300A4355D /* Products */,
			);
			sourceTree = "<group>";
		};
		36381F7B1E5AB8B300A4355D /* Products */ = {
			isa = PBXGroup;
			children = (
				36381F7A1E5AB8B300A4355D /* Caculator.app */,
				36381F8E1E5AB8B400A4355D /* CaculatorTests.xctest */,
				36381F991E5AB8B400A4355D /* CaculatorUITests.xctest */,
			);
			name = Products;
			sourceTree = "<group>";
		};
		36381F7C1E5AB8B300A4355D /* Caculator */ = {
			isa = PBXGroup;
			children = (
				36381F7D1E5AB8B300A4355D /* AppDelegate.swift */,
				36381F7F1E5AB8B300A4355D /* ViewController.swift */,
				36381F811E5AB8B300A4355D /* Main.storyboard */,
				369C937C1E5BD8100030B272 /* CaculatorBrain.swift */,
				36381F841E5AB8B300A4355D /* Assets.xcassets */,
				36381F861E5AB8B300A4355D /* LaunchScreen.storyboard */,
				36381F891E5AB8B300A4355D /* Info.plist */,
			);
			path = Caculator;
			sourceTree = "<group>";
		};
		36381F911E5AB8B400A4355D /* CaculatorTests */ = {
			isa = PBXGroup;
			children = (
				36381F921E5AB8B400A4355D /* CaculatorTests.swift */,
				36381F941E5AB8B400A4355D /* Info.plist */,
			);
			path = CaculatorTests;
			sourceTree = "<group>";
		};
		36381F9C1E5AB8B400A4355D /* CaculatorUITests */ = {
			isa = PBXGroup;
			children = (
				36381F9D1E5AB8B400A4355D /* CaculatorUITests.swift */,
				36381F9F1E5AB8B400A4355D /* Info.plist */,
			);
			path = CaculatorUITests;
			sourceTree = "<group>";
		};
/* End PBXGroup section */

/* Begin PBXNativeTarget section */
		36381F791E5AB8B300A4355D /* Caculator */ = {
			isa = PBXNativeTarget;
			buildConfigurationList = 36381FA21E5AB8B400A4355D /* Build configuration list for PBXNativeTarget "Caculator" */;
			buildPhases = (
				36381F761E5AB8B300A4355D /* Sources */,
				36381F771E5AB8B300A4355D /* Frameworks */,
				36381F781E5AB8B300A4355D /* Resources */,
			);
			buildRules = (
			);
			dependencies = (
			);
			name = Caculator;
			productName = Caculator;
			productReference = 36381F7A1E5AB8B300A4355D /* Caculator.app */;
			productType = "com.apple.product-type.application";
		};
		36381F8D1E5AB8B400A4355D /* CaculatorTests */ = {
			isa = PBXNativeTarget;
			buildConfigurationList = 36381FA51E5AB8B400A4355D /* Build configuration list for PBXNativeTarget "CaculatorTests" */;
			buildPhases = (
				36381F8A1E5AB8B400A4355D /* Sources */,
				36381F8B1E5AB8B400A4355D /* Frameworks */,
				36381F8C1E5AB8B400A4355D /* Resources */,
			);
			buildRules = (
			);
			dependencies = (
				36381F901E5AB8B400A4355D /* PBXTargetDependency */,
			);
			name = CaculatorTests;
			productName = CaculatorTests;
			productReference = 36381F8E1E5AB8B400A4355D /* CaculatorTests.xctest */;
			productType = "com.apple.product-type.bundle.unit-test";
		};
		36381F981E5AB8B400A4355D /* CaculatorUITests */ = {
			isa = PBXNativeTarget;
			buildConfigurationList = 36381FA81E5AB8B400A4355D /* Build configuration list for PBXNativeTarget "CaculatorUITests" */;
			buildPhases = (
				36381F951E5AB8B400A4355D /* Sources */,
				36381F961E5AB8B400A4355D /* Frameworks */,
				36381F971E5AB8B400A4355D /* Resources */,
			);
			buildRules = (
			);
			dependencies = (
				36381F9B1E5AB8B400A4355D /* PBXTargetDependency */,
			);
			name = CaculatorUITests;
			productName = CaculatorUITests;
			productReference = 36381F991E5AB8B400A4355D /* CaculatorUITests.xctest */;
			productType = "com.apple.product-type.bundle.ui-testing";
		};
/* End PBXNativeTarget section */

/* Begin PBXProject section */
		36381F721E5AB8B300A4355D /* Project object */ = {
			isa = PBXProject;
			attributes = {
				LastSwiftUpdateCheck = 0820;
				LastUpgradeCheck = 0820;
				ORGANIZATIONNAME = "Albert Sphepherd";
				TargetAttributes = {
					36381F791E5AB8B300A4355D = {
						CreatedOnToolsVersion = 8.2.1;
						ProvisioningStyle = Automatic;
					};
					36381F8D1E5AB8B400A4355D = {
						CreatedOnToolsVersion = 8.2.1;
						ProvisioningStyle = Automatic;
						TestTargetID = 36381F791E5AB8B300A4355D;
					};
					36381F981E5AB8B400A4355D = {
						CreatedOnToolsVersion = 8.2.1;
						ProvisioningStyle = Automatic;
						TestTargetID = 36381F791E5AB8B300A4355D;
					};
				};
			};
			buildConfigurationList = 36381F751E5AB8B300A4355D /* Build configuration list for PBXProject "Caculator" */;
			compatibilityVersion = "Xcode 3.2";
			developmentRegion = English;
			hasScannedForEncodings = 0;
			knownRegions = (
				en,
				Base,
			);
			mainGroup = 36381F711E5AB8B300A4355D;
			productRefGroup = 36381F7B1E5AB8B300A4355D /* Products */;
			projectDirPath = "";
			projectRoot = "";
			targets = (
				36381F791E5AB8B300A4355D /* Caculator */,
				36381F8D1E5AB8B400A4355D /* CaculatorTests */,
				36381F981E5AB8B400A4355D /* CaculatorUITests */,
			);
		};
/* End PBXProject section */

/* Begin PBXResourcesBuildPhase section */
		36381F781E5AB8B300A4355D /* Resources */ = {
			isa = PBXResourcesBuildPhase;
			buildActionMask = 2147483647;
			files = (
				36381F881E5AB8B300A4355D /* LaunchScreen.storyboard in Resources */,
				36381F851E5AB8B300A4355D /* Assets.xcassets in Resources */,
				36381F831E5AB8B300A4355D /* Main.storyboard in Resources */,
			);
			runOnlyForDeploymentPostprocessing = 0;
		};
		36381F8C1E5AB8B400A4355D /* Resources */ = {
			isa = PBXResourcesBuildPhase;
			buildActionMask = 2147483647;
			files = (
			);
			runOnlyForDeploymentPostprocessing = 0;
		};
		36381F971E5AB8B400A4355D /* Resources */ = {
			isa = PBXResourcesBuildPhase;
			buildActionMask = 2147483647;
			files = (
			);
			runOnlyForDeploymentPostprocessing = 0;
		};
/* End PBXResourcesBuildPhase section */

/* Begin PBXSourcesBuildPhase section */
		36381F761E5AB8B300A4355D /* Sources */ = {
			isa = PBXSourcesBuildPhase;
			buildActionMask = 2147483647;
			files = (
				369C937D1E5BD8100030B272 /* CaculatorBrain.swift in Sources */,
				36381F801E5AB8B300A4355D /* ViewController.swift in Sources */,
				36381F7E1E5AB8B300A4355D /* AppDelegate.swift in Sources */,
			);
			runOnlyForDeploymentPostprocessing = 0;
		};
		36381F8A1E5AB8B400A4355D /* Sources */ = {
			isa = PBXSourcesBuildPhase;
			buildActionMask = 2147483647;
			files = (
				36381F931E5AB8B400A4355D /* CaculatorTests.swift in Sources */,
			);
			runOnlyForDeploymentPostprocessing = 0;
		};
		36381F951E5AB8B400A4355D /* Sources */ = {
			isa = PBXSourcesBuildPhase;
			buildActionMask = 2147483647;
			files = (
				36381F9E1E5AB8B400A4355D /* CaculatorUITests.swift in Sources */,
			);
			runOnlyForDeploymentPostprocessing = 0;
		};
/* End PBXSourcesBuildPhase section */

/* Begin PBXTargetDependency section */
		36381F901E5AB8B400A4355D /* PBXTargetDependency */ = {
			isa = PBXTargetDependency;
			target = 36381F791E5AB8B300A4355D /* Caculator */;
			targetProxy = 36381F8F1E5AB8B400A4355D /* PBXContainerItemProxy */;
		};
		36381F9B1E5AB8B400A4355D /* PBXTargetDependency */ = {
			isa = PBXTargetDependency;
			target = 36381F791E5AB8B300A4355D /* Caculator */;
			targetProxy = 36381F9A1E5AB8B400A4355D /* PBXContainerItemProxy */;
		};
/* End PBXTargetDependency section */

/* Begin PBXVariantGroup section */
		36381F811E5AB8B300A4355D /* Main.storyboard */ = {
			isa = PBXVariantGroup;
			children = (
				36381F821E5AB8B300A4355D /* Base */,
			);
			name = Main.storyboard;
			sourceTree = "<group>";
		};
		36381F861E5AB8B300A4355D /* LaunchScreen.storyboard */ = {
			isa = PBXVariantGroup;
			children = (
				36381F871E5AB8B300A4355D /* Base */,
			);
			name = LaunchScreen.storyboard;
			sourceTree = "<group>";
		};
/* End PBXVariantGroup section */

/* Begin XCBuildConfiguration section */
		36381FA01E5AB8B400A4355D /* Debug */ = {
			isa = XCBuildConfiguration;
			buildSettings = {
				ALWAYS_SEARCH_USER_PATHS = NO;
				CLANG_ANALYZER_NONNULL = YES;
				CLANG_CXX_LANGUAGE_STANDARD = "gnu++0x";
				CLANG_CXX_LIBRARY = "libc++";
				CLANG_ENABLE_MODULES = YES;
				CLANG_ENABLE_OBJC_ARC = YES;
				CLANG_WARN_BOOL_CONVERSION = YES;
				CLANG_WARN_CONSTANT_CONVERSION = YES;
				CLANG_WARN_DIRECT_OBJC_ISA_USAGE = YES_ERROR;
				CLANG_WARN_DOCUMENTATION_COMMENTS = YES;
				CLANG_WARN_EMPTY_BODY = YES;
				CLANG_WARN_ENUM_CONVERSION = YES;
				CLANG_WARN_INFINITE_RECURSION = YES;
				CLANG_WARN_INT_CONVERSION = YES;
				CLANG_WARN_OBJC_ROOT_CLASS = YES_ERROR;
				CLANG_WARN_SUSPICIOUS_MOVE = YES;
				CLANG_WARN_UNREACHABLE_CODE = YES;
				CLANG_WARN__DUPLICATE_METHOD_MATCH = YES;
				"CODE_SIGN_IDENTITY[sdk=iphoneos*]" = "iPhone Developer";
				COPY_PHASE_STRIP = NO;
				DEBUG_INFORMATION_FORMAT = dwarf;
				ENABLE_STRICT_OBJC_MSGSEND = YES;
				ENABLE_TESTABILITY = YES;
				GCC_C_LANGUAGE_STANDARD = gnu99;
				GCC_DYNAMIC_NO_PIC = NO;
				GCC_NO_COMMON_BLOCKS = YES;
				GCC_OPTIMIZATION_LEVEL = 0;
				GCC_PREPROCESSOR_DEFINITIONS = (
					"DEBUG=1",
					"$(inherited)",
				);
				GCC_WARN_64_TO_32_BIT_CONVERSION = YES;
				GCC_WARN_ABOUT_RETURN_TYPE = YES_ERROR;
				GCC_WARN_UNDECLARED_SELECTOR = YES;
				GCC_WARN_UNINITIALIZED_AUTOS = YES_AGGRESSIVE;
				GCC_WARN_UNUSED_FUNCTION = YES;
				GCC_WARN_UNUSED_VARIABLE = YES;
				IPHONEOS_DEPLOYMENT_TARGET = 10.2;
				MTL_ENABLE_DEBUG_INFO = YES;
				ONLY_ACTIVE_ARCH = YES;
				SDKROOT = iphoneos;
				SWIFT_ACTIVE_COMPILATION_CONDITIONS = DEBUG;
				SWIFT_OPTIMIZATION_LEVEL = "-Onone";
				TARGETED_DEVICE_FAMILY = "1,2";
			};
			name = Debug;
		};
		36381FA11E5AB8B400A4355D /* Release */ = {
			isa = XCBuildConfiguration;
			buildSettings = {
				ALWAYS_SEARCH_USER_PATHS = NO;
				CLANG_ANALYZER_NONNULL = YES;
				CLANG_CXX_LANGUAGE_STANDARD = "gnu++0x";
				CLANG_CXX_LIBRARY = "libc++";
				CLANG_ENABLE_MODULES = YES;
				CLANG_ENABLE_OBJC_ARC = YES;
				CLANG_WARN_BOOL_CONVERSION = YES;
				CLANG_WARN_CONSTANT_CONVERSION = YES;
				CLANG_WARN_DIRECT_OBJC_ISA_USAGE = YES_ERROR;
				CLANG_WARN_DOCUMENTATION_COMMENTS = YES;
				CLANG_WARN_EMPTY_BODY = YES;
				CLANG_WARN_ENUM_CONVERSION = YES;
				CLANG_WARN_INFINITE_RECURSION = YES;
				CLANG_WARN_INT_CONVERSION = YES;
				CLANG_WARN_OBJC_ROOT_CLASS = YES_ERROR;
				CLANG_WARN_SUSPICIOUS_MOVE = YES;
				CLANG_WARN_UNREACHABLE_CODE = YES;
				CLANG_WARN__DUPLICATE_METHOD_MATCH = YES;
				"CODE_SIGN_IDENTITY[sdk=iphoneos*]" = "iPhone Developer";
				COPY_PHASE_STRIP = NO;
				DEBUG_INFORMATION_FORMAT = "dwarf-with-dsym";
				ENABLE_NS_ASSERTIONS = NO;
				ENABLE_STRICT_OBJC_MSGSEND = YES;
				GCC_C_LANGUAGE_STANDARD = gnu99;
				GCC_NO_COMMON_BLOCKS = YES;
				GCC_WARN_64_TO_32_BIT_CONVERSION = YES;
				GCC_WARN_ABOUT_RETURN_TYPE = YES_ERROR;
				GCC_WARN_UNDECLARED_SELECTOR = YES;
				GCC_WARN_UNINITIALIZED_AUTOS = YES_AGGRESSIVE;
				GCC_WARN_UNUSED_FUNCTION = YES;
				GCC_WARN_UNUSED_VARIABLE = YES;
				IPHONEOS_DEPLOYMENT_TARGET = 10.2;
				MTL_ENABLE_DEBUG_INFO = NO;
				SDKROOT = iphoneos;
				SWIFT_OPTIMIZATION_LEVEL = "-Owholemodule";
				TARGETED_DEVICE_FAMILY = "1,2";
				VALIDATE_PRODUCT = YES;
			};
			name = Release;
		};
		36381FA31E5AB8B400A4355D /* Debug */ = {
			isa = XCBuildConfiguration;
			buildSettings = {
				ASSETCATALOG_COMPILER_APPICON_NAME = AppIcon;
				INFOPLIST_FILE = Caculator/Info.plist;
				LD_RUNPATH_SEARCH_PATHS = "$(inherited) @executable_path/Frameworks";
				PRODUCT_BUNDLE_IDENTIFIER = "Albert-Shepherd.Caculator";
				PRODUCT_NAME = "$(TARGET_NAME)";
				SWIFT_VERSION = 3.0;
			};
			name = Debug;
		};
		36381FA41E5AB8B400A4355D /* Release */ = {
			isa = XCBuildConfiguration;
			buildSettings = {
				ASSETCATALOG_COMPILER_APPICON_NAME = AppIcon;
				INFOPLIST_FILE = Caculator/Info.plist;
				LD_RUNPATH_SEARCH_PATHS = "$(inherited) @executable_path/Frameworks";
				PRODUCT_BUNDLE_IDENTIFIER = "Albert-Shepherd.Caculator";
				PRODUCT_NAME = "$(TARGET_NAME)";
				SWIFT_VERSION = 3.0;
			};
			name = Release;
		};
		36381FA61E5AB8B400A4355D /* Debug */ = {
			isa = XCBuildConfiguration;
			buildSettings = {
				ALWAYS_EMBED_SWIFT_STANDARD_LIBRARIES = YES;
				BUNDLE_LOADER = "$(TEST_HOST)";
				INFOPLIST_FILE = CaculatorTests/Info.plist;
				LD_RUNPATH_SEARCH_PATHS = "$(inherited) @executable_path/Frameworks @loader_path/Frameworks";
				PRODUCT_BUNDLE_IDENTIFIER = "Albert-Shepherd.CaculatorTests";
				PRODUCT_NAME = "$(TARGET_NAME)";
				SWIFT_VERSION = 3.0;
				TEST_HOST = "$(BUILT_PRODUCTS_DIR)/Caculator.app/Caculator";
			};
			name = Debug;
		};
		36381FA71E5AB8B400A4355D /* Release */ = {
			isa = XCBuildConfiguration;
			buildSettings = {
				ALWAYS_EMBED_SWIFT_STANDARD_LIBRARIES = YES;
				BUNDLE_LOADER = "$(TEST_HOST)";
				INFOPLIST_FILE = CaculatorTests/Info.plist;
				LD_RUNPATH_SEARCH_PATHS = "$(inherited) @executable_path/Frameworks @loader_path/Frameworks";
				PRODUCT_BUNDLE_IDENTIFIER = "Albert-Shepherd.CaculatorTests";
				PRODUCT_NAME = "$(TARGET_NAME)";
				SWIFT_VERSION = 3.0;
				TEST_HOST = "$(BUILT_PRODUCTS_DIR)/Caculator.app/Caculator";
			};
			name = Release;
		};
		36381FA91E5AB8B400A4355D /* Debug */ = {
			isa = XCBuildConfiguration;
			buildSettings = {
				ALWAYS_EMBED_SWIFT_STANDARD_LIBRARIES = YES;
				INFOPLIST_FILE = CaculatorUITests/Info.plist;
				LD_RUNPATH_SEARCH_PATHS = "$(inherited) @executable_path/Frameworks @loader_path/Frameworks";
				PRODUCT_BUNDLE_IDENTIFIER = "Albert-Shepherd.CaculatorUITests";
				PRODUCT_NAME = "$(TARGET_NAME)";
				SWIFT_VERSION = 3.0;
				TEST_TARGET_NAME = Caculator;
			};
			name = Debug;
		};
		36381FAA1E5AB8B400A4355D /* Release */ = {
			isa = XCBuildConfiguration;
			buildSettings = {
				ALWAYS_EMBED_SWIFT_STANDARD_LIBRARIES = YES;
				INFOPLIST_FILE = CaculatorUITests/Info.plist;
				LD_RUNPATH_SEARCH_PATHS = "$(inherited) @executable_path/Frameworks @loader_path/Frameworks";
				PRODUCT_BUNDLE_IDENTIFIER = "Albert-Shepherd.CaculatorUITests";
				PRODUCT_NAME = "$(TARGET_NAME)";
				SWIFT_VERSION = 3.0;
				TEST_TARGET_NAME = Caculator;
			};
			name = Release;
		};
/* End XCBuildConfiguration section */

/* Begin XCConfigurationList section */
		36381F751E5AB8B300A4355D /* Build configuration list for PBXProject "Caculator" */ = {
			isa = XCConfigurationList;
			buildConfigurations = (
				36381FA01E5AB8B400A4355D /* Debug */,
				36381FA11E5AB8B400A4355D /* Release */,
			);
			defaultConfigurationIsVisible = 0;
			defaultConfigurationName = Release;
		};
		36381FA21E5AB8B400A4355D /* Build configuration list for PBXNativeTarget "Caculator" */ = {
			isa = XCConfigurationList;
			buildConfigurations = (
				36381FA31E5AB8B400A4355D /* Debug */,
				36381FA41E5AB8B400A4355D /* Release */,
			);
			defaultConfigurationIsVisible = 0;
			defaultConfigurationName = Release;
		};
		36381FA51E5AB8B400A4355D /* Build configuration list for PBXNativeTarget "CaculatorTests" */ = {
			isa = XCConfigurationList;
			buildConfigurations = (
				36381FA61E5AB8B400A4355D /* Debug */,
				36381FA71E5AB8B400A4355D /* Release */,
			);
			defaultConfigurationIsVisible = 0;
			defaultConfigurationName = Release;
		};
		36381FA81E5AB8B400A4355D /* Build configuration list for PBXNativeTarget "CaculatorUITests" */ = {
			isa = XCConfigurationList;
			buildConfigurations = (
				36381FA91E5AB8B400A4355D /* Debug */,
				36381FAA1E5AB8B400A4355D /* Release */,
			);
			defaultConfigurationIsVisible = 0;
			defaultConfigurationName = Release;
		};
/* End XCConfigurationList section */
	};
	rootObject = 36381F721E5AB8B300A4355D /* Project object */;
}
